
Microsoft Visual Studio Solution File, Format Version 12.00
# Visual Studio Version 16
VisualStudioVersion = 16.0.30002.166
MinimumVisualStudioVersion = 10.0.40219.1
Project("{888888A0-9F3D-457C-B088-3A5042F75D52}") = "FlaskWebProject1", "FlaskWebProject1.pyproj", "{73D8C68A-AA20-48AC-85ED-9F5C99EDB042}"
EndProject
Global
	GlobalSection(SolutionConfigurationPlatforms) = preSolution
		Debug|Any CPU = Debug|Any CPU
		Release|Any CPU = Release|Any CPU
	EndGlobalSection
	GlobalSection(ProjectConfigurationPlatforms) = postSolution
		{73D8C68A-AA20-48AC-85ED-9F5C99EDB042}.Debug|Any CPU.ActiveCfg = Debug|Any CPU
		{73D8C68A-AA20-48AC-85ED-9F5C99EDB042}.Debug|Any CPU.Build.0 = Debug|Any CPU
		{73D8C68A-AA20-48AC-85ED-9F5C99EDB042}.Release|Any CPU.ActiveCfg = Release|Any CPU
		{73D8C68A-AA20-48AC-85ED-9F5C99EDB042}.Release|Any CPU.Build.0 = Release|Any CPU
	EndGlobalSection
	GlobalSection(SolutionProperties) = preSolution
		HideSolutionNode = FALSE
	EndGlobalSection
	GlobalSection(ExtensibilityGlobals) = postSolution
		SolutionGuid = {38F97912-E023-4064-A4B0-CF87B05792AC}
	EndGlobalSection
EndGlobal
